
Microsoft Visual Studio Solution File, Format Version 12.00
# Visual Studio 2017
Project("{FAE04EC0-301F-11D3-BF4B-00C04F79EFBC}") = "Renze", "Renze.csproj", "{88009769-CC40-F843-97C0-6C2BDBA10F6A}"
EndProject
Project("{FAE04EC0-301F-11D3-BF4B-00C04F79EFBC}") = "Renze.Editor", "Renze.Editor.csproj", "{974AC2F2-46E0-0DFD-715D-C25F1301C6FE}"
EndProject
Global
	GlobalSection(SolutionConfigurationPlatforms) = preSolution
		Debug|Any CPU = Debug|Any CPU
		Release|Any CPU = Release|Any CPU
	EndGlobalSection
	GlobalSection(ProjectConfigurationPlatforms) = postSolution
		{88009769-CC40-F843-97C0-6C2BDBA10F6A}.Debug|Any CPU.ActiveCfg = Debug|Any CPU
		{88009769-CC40-F843-97C0-6C2BDBA10F6A}.Debug|Any CPU.Build.0 = Debug|Any CPU
		{88009769-CC40-F843-97C0-6C2BDBA10F6A}.Release|Any CPU.ActiveCfg = Release|Any CPU
		{88009769-CC40-F843-97C0-6C2BDBA10F6A}.Release|Any CPU.Build.0 = Release|Any CPU
		{974AC2F2-46E0-0DFD-715D-C25F1301C6FE}.Debug|Any CPU.ActiveCfg = Debug|Any CPU
		{974AC2F2-46E0-0DFD-715D-C25F1301C6FE}.Debug|Any CPU.Build.0 = Debug|Any CPU
		{974AC2F2-46E0-0DFD-715D-C25F1301C6FE}.Release|Any CPU.ActiveCfg = Release|Any CPU
		{974AC2F2-46E0-0DFD-715D-C25F1301C6FE}.Release|Any CPU.Build.0 = Release|Any CPU
	EndGlobalSection
	GlobalSection(SolutionProperties) = preSolution
		HideSolutionNode = FALSE
	EndGlobalSection
EndGlobal
